
Microsoft Visual Studio Solution File, Format Version 12.00
# Visual Studio 2012
Project("{FAE04EC0-301F-11D3-BF4B-00C04F79EFBC}") = "OkToBoardServices", "OkToBoardServices\OkToBoardServices.csproj", "{8462EEE0-7DB1-4621-B289-16CA5D9A12DF}"
EndProject
Project("{FAE04EC0-301F-11D3-BF4B-00C04F79EFBC}") = "DatabaseSynchronizer", "DatabaseSynchronizer\DatabaseSynchronizer.csproj", "{0B92D1DD-6B1A-49AD-8842-413492858B9D}"
EndProject
Global
	GlobalSection(SolutionConfigurationPlatforms) = preSolution
		Debug|Any CPU = Debug|Any CPU
		Release|Any CPU = Release|Any CPU
	EndGlobalSection
	GlobalSection(ProjectConfigurationPlatforms) = postSolution
		{8462EEE0-7DB1-4621-B289-16CA5D9A12DF}.Debug|Any CPU.ActiveCfg = Debug|Any CPU
		{8462EEE0-7DB1-4621-B289-16CA5D9A12DF}.Debug|Any CPU.Build.0 = Debug|Any CPU
		{8462EEE0-7DB1-4621-B289-16CA5D9A12DF}.Release|Any CPU.ActiveCfg = Release|Any CPU
		{8462EEE0-7DB1-4621-B289-16CA5D9A12DF}.Release|Any CPU.Build.0 = Release|Any CPU
		{0B92D1DD-6B1A-49AD-8842-413492858B9D}.Debug|Any CPU.ActiveCfg = Debug|Any CPU
		{0B92D1DD-6B1A-49AD-8842-413492858B9D}.Debug|Any CPU.Build.0 = Debug|Any CPU
		{0B92D1DD-6B1A-49AD-8842-413492858B9D}.Release|Any CPU.ActiveCfg = Release|Any CPU
		{0B92D1DD-6B1A-49AD-8842-413492858B9D}.Release|Any CPU.Build.0 = Release|Any CPU
	EndGlobalSection
	GlobalSection(SolutionProperties) = preSolution
		HideSolutionNode = FALSE
	EndGlobalSection
EndGlobal
